{
  "name": "akili-methodology",
  "version": "0.8.0",
  "lockfileVersion": 3,
  "requires": true,
  "packages": {
    "": {
      "name": "akili-methodology",
      "version": "0.8.0",
      "license": "MIT",
      "dependencies": {
        "akili-methodology": "^0.8.0"
      },
      "bin": {
        "akili": "bin/akili.js"
      },
      "engines": {
        "node": ">=18.0.0"
      }
    },
    "node_modules/akili-methodology": {
      "version": "0.8.0",
      "resolved": "https://registry.npmjs.org/akili-methodology/-/akili-methodology-0.8.0.tgz",
      "integrity": "sha512-KnqQ786Ul85lHFCbuv5bsKvLUzMtoaMWIeS/vm0JX4ViHovGZbsP+Vuve1qLupTfH4j9VbvUId6owVoDPygjOQ==",
      "license": "MIT",
      "bin": {
        "akili": "bin/akili.js"
      },
      "engines": {
        "node": ">=18.0.0"
      }
    }
  }
}
